// !$*UTF8*$!
{
	archiveVersion = 1;
	classes = {
	};
	objectVersion = 46;
	objects = {

/* Begin PBXBuildFile section */
		8A451E851C4F75E4000F3329 /* main.m in Sources */ = {isa = PBXBuildFile; fileRef = 8A451E841C4F75E4000F3329 /* main.m */; };
		8A451E881C4F75E4000F3329 /* AppDelegate.m in Sources */ = {isa = PBXBuildFile; fileRef = 8A451E871C4F75E4000F3329 /* AppDelegate.m */; };
		8A451E8B1C4F75E4000F3329 /* ViewController.m in Sources */ = {isa = PBXBuildFile; fileRef = 8A451E8A1C4F75E4000F3329 /* ViewController.m */; };
		8A451E8E1C4F75E4000F3329 /* Main.storyboard in Resources */ = {isa = PBXBuildFile; fileRef = 8A451E8C1C4F75E4000F3329 /* Main.storyboard */; };
		8A451E901C4F75E4000F3329 /* Assets.xcassets in Resources */ = {isa = PBXBuildFile; fileRef = 8A451E8F1C4F75E4000F3329 /* Assets.xcassets */; };
		8A451E931C4F75E4000F3329 /* LaunchScreen.storyboard in Resources */ = {isa = PBXBuildFile; fileRef = 8A451E911C4F75E4000F3329 /* LaunchScreen.storyboard */; };
		8A451E9E1C4F75E4000F3329 /* dongtaiViewTests.m in Sources */ = {isa = PBXBuildFile; fileRef = 8A451E9D1C4F75E4000F3329 /* dongtaiViewTests.m */; };
		8A451EA91C4F75E4000F3329 /* dongtaiViewUITests.m in Sources */ = {isa = PBXBuildFile; fileRef = 8A451EA81C4F75E4000F3329 /* dongtaiViewUITests.m */; };
/* End PBXBuildFile section */

/* Begin PBXContainerItemProxy section */
		8A451E9A1C4F75E4000F3329 /* PBXContainerItemProxy */ = {
			isa = PBXContainerItemProxy;
			containerPortal = 8A451E781C4F75E4000F3329 /* Project object */;
			proxyType = 1;
			remoteGlobalIDString = 8A451E7F1C4F75E4000F3329;
			remoteInfo = dongtaiView;
		};
		8A451EA51C4F75E4000F3329 /* PBXContainerItemProxy */ = {
			isa = PBXContainerItemProxy;
			containerPortal = 8A451E781C4F75E4000F3329 /* Project object */;
			proxyType = 1;
			remoteGlobalIDString = 8A451E7F1C4F75E4000F3329;
			remoteInfo = dongtaiView;
		};
/* End PBXContainerItemProxy section */

/* Begin PBXFileReference section */
		8A451E801C4F75E4000F3329 /* dongtaiView.app */ = {isa = PBXFileReference; explicitFileType = wrapper.application; includeInIndex = 0; path = dongtaiView.app; sourceTree = BUILT_PRODUCTS_DIR; };
		8A451E841C4F75E4000F3329 /* main.m */ = {isa = PBXFileReference; lastKnownFileType = sourcecode.c.objc; path = main.m; sourceTree = "<group>"; };
		8A451E861C4F75E4000F3329 /* AppDelegate.h */ = {isa = PBXFileReference; lastKnownFileType = sourcecode.c.h; path = AppDelegate.h; sourceTree = "<group>"; };
		8A451E871C4F75E4000F3329 /* AppDelegate.m */ = {isa = PBXFileReference; lastKnownFileType = sourcecode.c.objc; path = AppDelegate.m; sourceTree = "<group>"; };
		8A451E891C4F75E4000F3329 /* ViewController.h */ = {isa = PBXFileReference; lastKnownFileType = sourcecode.c.h; path = ViewController.h; sourceTree = "<group>"; };
		8A451E8A1C4F75E4000F3329 /* ViewController.m */ = {isa = PBXFileReference; lastKnownFileType = sourcecode.c.objc; path = ViewController.m; sourceTree = "<group>"; };
		8A451E8D1C4F75E4000F3329 /* Base */ = {isa = PBXFileReference; lastKnownFileType = file.storyboard; name = Base; path = Base.lproj/Main.storyboard; sourceTree = "<group>"; };
		8A451E8F1C4F75E4000F3329 /* Assets.xcassets */ = {isa = PBXFileReference; lastKnownFileType = folder.assetcatalog; path = Assets.xcassets; sourceTree = "<group>"; };
		8A451E921C4F75E4000F3329 /* Base */ = {isa = PBXFileReference; lastKnownFileType = file.storyboard; name = Base; path = Base.lproj/LaunchScreen.storyboard; sourceTree = "<group>"; };
		8A451E941C4F75E4000F3329 /* Info.plist */ = {isa = PBXFileReference; lastKnownFileType = text.plist.xml; path = Info.plist; sourceTree = "<group>"; };
		8A451E991C4F75E4000F3329 /* dongtaiViewTests.xctest */ = {isa = PBXFileReference; explicitFileType = wrapper.cfbundle; includeInIndex = 0; path = dongtaiViewTests.xctest; sourceTree = BUILT_PRODUCTS_DIR; };
		8A451E9D1C4F75E4000F3329 /* dongtaiViewTests.m */ = {isa = PBXFileReference; lastKnownFileType = sourcecode.c.objc; path = dongtaiViewTests.m; sourceTree = "<group>"; };
		8A451E9F1C4F75E4000F3329 /* Info.plist */ = {isa = PBXFileReference; lastKnownFileType = text.plist.xml; path = Info.plist; sourceTree = "<group>"; };
		8A451EA41C4F75E4000F3329 /* dongtaiViewUITests.xctest */ = {isa = PBXFileReference; explicitFileType = wrapper.cfbundle; includeInIndex = 0; path = dongtaiViewUITests.xctest; sourceTree = BUILT_PRODUCTS_DIR; };
		8A451EA81C4F75E4000F3329 /* dongtaiViewUITests.m */ = {isa = PBXFileReference; lastKnownFileType = sourcecode.c.objc; path = dongtaiViewUITests.m; sourceTree = "<group>"; };
		8A451EAA1C4F75E4000F3329 /* Info.plist */ = {isa = PBXFileReference; lastKnownFileType = text.plist.xml; path = Info.plist; sourceTree = "<group>"; };
/* End PBXFileReference section */

/* Begin PBXFrameworksBuildPhase section */
		8A451E7D1C4F75E4000F3329 /* Frameworks */ = {
			isa = PBXFrameworksBuildPhase;
			buildActionMask = 2147483647;
			files = (
			);
			runOnlyForDeploymentPostprocessing = 0;
		};
		8A451E961C4F75E4000F3329 /* Frameworks */ = {
			isa = PBXFrameworksBuildPhase;
			buildActionMask = 2147483647;
			files = (
			);
			runOnlyForDeploymentPostprocessing = 0;
		};
		8A451EA11C4F75E4000F3329 /* Frameworks */ = {
			isa = PBXFrameworksBuildPhase;
			buildActionMask = 2147483647;
			files = (
			);
			runOnlyForDeploymentPostprocessing = 0;
		};
/* End PBXFrameworksBuildPhase section */

/* Begin PBXGroup section */
		8A451E771C4F75E4000F3329 = {
			isa = PBXGroup;
			children = (
				8A451E821C4F75E4000F3329 /* dongtaiView */,
				8A451E9C1C4F75E4000F3329 /* dongtaiViewTests */,
				8A451EA71C4F75E4000F3329 /* dongtaiViewUITests */,
				8A451E811C4F75E4000F3329 /* Products */,
			);
			sourceTree = "<group>";
		};
		8A451E811C4F75E4000F3329 /* Products */ = {
			isa = PBXGroup;
			children = (
				8A451E801C4F75E4000F3329 /* dongtaiView.app */,
				8A451E991C4F75E4000F3329 /* dongtaiViewTests.xctest */,
				8A451EA41C4F75E4000F3329 /* dongtaiViewUITests.xctest */,
			);
			name = Products;
			sourceTree = "<group>";
		};
		8A451E821C4F75E4000F3329 /* dongtaiView */ = {
			isa = PBXGroup;
			children = (
				8A451E861C4F75E4000F3329 /* AppDelegate.h */,
				8A451E871C4F75E4000F3329 /* AppDelegate.m */,
				8A451E891C4F75E4000F3329 /* ViewController.h */,
				8A451E8A1C4F75E4000F3329 /* ViewController.m */,
				8A451E8C1C4F75E4000F3329 /* Main.storyboard */,
				8A451E8F1C4F75E4000F3329 /* Assets.xcassets */,
				8A451E911C4F75E4000F3329 /* LaunchScreen.storyboard */,
				8A451E941C4F75E4000F3329 /* Info.plist */,
				8A451E831C4F75E4000F3329 /* Supporting Files */,
			);
			path = dongtaiView;
			sourceTree = "<group>";
		};
		8A451E831C4F75E4000F3329 /* Supporting Files */ = {
			isa = PBXGroup;
			children = (
				8A451E841C4F75E4000F3329 /* main.m */,
			);
			name = "Supporting Files";
			sourceTree = "<group>";
		};
		8A451E9C1C4F75E4000F3329 /* dongtaiViewTests */ = {
			isa = PBXGroup;
			children = (
				8A451E9D1C4F75E4000F3329 /* dongtaiViewTests.m */,
				8A451E9F1C4F75E4000F3329 /* Info.plist */,
			);
			path = dongtaiViewTests;
			sourceTree = "<group>";
		};
		8A451EA71C4F75E4000F3329 /* dongtaiViewUITests */ = {
			isa = PBXGroup;
			children = (
				8A451EA81C4F75E4000F3329 /* dongtaiViewUITests.m */,
				8A451EAA1C4F75E4000F3329 /* Info.plist */,
			);
			path = dongtaiViewUITests;
			sourceTree = "<group>";
		};
/* End PBXGroup section */

/* Begin PBXNativeTarget section */
		8A451E7F1C4F75E4000F3329 /* dongtaiView */ = {
			isa = PBXNativeTarget;
			buildConfigurationList = 8A451EAD1C4F75E4000F3329 /* Build configuration list for PBXNativeTarget "dongtaiView" */;
			buildPhases = (
				8A451E7C1C4F75E4000F3329 /* Sources */,
				8A451E7D1C4F75E4000F3329 /* Frameworks */,
				8A451E7E1C4F75E4000F3329 /* Resources */,
			);
			buildRules = (
			);
			dependencies = (
			);
			name = dongtaiView;
			productName = dongtaiView;
			productReference = 8A451E801C4F75E4000F3329 /* dongtaiView.app */;
			productType = "com.apple.product-type.application";
		};
		8A451E981C4F75E4000F3329 /* dongtaiViewTests */ = {
			isa = PBXNativeTarget;
			buildConfigurationList = 8A451EB01C4F75E4000F3329 /* Build configuration list for PBXNativeTarget "dongtaiViewTests" */;
			buildPhases = (
				8A451E951C4F75E4000F3329 /* Sources */,
				8A451E961C4F75E4000F3329 /* Frameworks */,
				8A451E971C4F75E4000F3329 /* Resources */,
			);
			buildRules = (
			);
			dependencies = (
				8A451E9B1C4F75E4000F3329 /* PBXTargetDependency */,
			);
			name = dongtaiViewTests;
			productName = dongtaiViewTests;
			productReference = 8A451E991C4F75E4000F3329 /* dongtaiViewTests.xctest */;
			productType = "com.apple.product-type.bundle.unit-test";
		};
		8A451EA31C4F75E4000F3329 /* dongtaiViewUITests */ = {
			isa = PBXNativeTarget;
			buildConfigurationList = 8A451EB31C4F75E4000F3329 /* Build configuration list for PBXNativeTarget "dongtaiViewUITests" */;
			buildPhases = (
				8A451EA01C4F75E4000F3329 /* Sources */,
				8A451EA11C4F75E4000F3329 /* Frameworks */,
				8A451EA21C4F75E4000F3329 /* Resources */,
			);
			buildRules = (
			);
			dependencies = (
				8A451EA61C4F75E4000F3329 /* PBXTargetDependency */,
			);
			name = dongtaiViewUITests;
			productName = dongtaiViewUITests;
			productReference = 8A451EA41C4F75E4000F3329 /* dongtaiViewUITests.xctest */;
			productType = "com.apple.product-type.bundle.ui-testing";
		};
/* End PBXNativeTarget section */

/* Begin PBXProject section */
		8A451E781C4F75E4000F3329 /* Project object */ = {
			isa = PBXProject;
			attributes = {
				LastUpgradeCheck = 0720;
				ORGANIZATIONNAME = shenliping;
				TargetAttributes = {
					8A451E7F1C4F75E4000F3329 = {
						CreatedOnToolsVersion = 7.2;
					};
					8A451E981C4F75E4000F3329 = {
						CreatedOnToolsVersion = 7.2;
						TestTargetID = 8A451E7F1C4F75E4000F3329;
					};
					8A451EA31C4F75E4000F3329 = {
						CreatedOnToolsVersion = 7.2;
						TestTargetID = 8A451E7F1C4F75E4000F3329;
					};
				};
			};
			buildConfigurationList = 8A451E7B1C4F75E4000F3329 /* Build configuration list for PBXProject "dongtaiView" */;
			compatibilityVersion = "Xcode 3.2";
			developmentRegion = English;
			hasScannedForEncodings = 0;
			knownRegions = (
				en,
				Base,
			);
			mainGroup = 8A451E771C4F75E4000F3329;
			productRefGroup = 8A451E811C4F75E4000F3329 /* Products */;
			projectDirPath = "";
			projectRoot = "";
			targets = (
				8A451E7F1C4F75E4000F3329 /* dongtaiView */,
				8A451E981C4F75E4000F3329 /* dongtaiViewTests */,
				8A451EA31C4F75E4000F3329 /* dongtaiViewUITests */,
			);
		};
/* End PBXProject section */

/* Begin PBXResourcesBuildPhase section */
		8A451E7E1C4F75E4000F3329 /* Resources */ = {
			isa = PBXResourcesBuildPhase;
			buildActionMask = 2147483647;
			files = (
				8A451E931C4F75E4000F3329 /* LaunchScreen.storyboard in Resources */,
				8A451E901C4F75E4000F3329 /* Assets.xcassets in Resources */,
				8A451E8E1C4F75E4000F3329 /* Main.storyboard in Resources */,
			);
			runOnlyForDeploymentPostprocessing = 0;
		};
		8A451E971C4F75E4000F3329 /* Resources */ = {
			isa = PBXResourcesBuildPhase;
			buildActionMask = 2147483647;
			files = (
			);
			runOnlyForDeploymentPostprocessing = 0;
		};
		8A451EA21C4F75E4000F3329 /* Resources */ = {
			isa = PBXResourcesBuildPhase;
			buildActionMask = 2147483647;
			files = (
			);
			runOnlyForDeploymentPostprocessing = 0;
		};
/* End PBXResourcesBuildPhase section */

/* Begin PBXSourcesBuildPhase section */
		8A451E7C1C4F75E4000F3329 /* Sources */ = {
			isa = PBXSourcesBuildPhase;
			buildActionMask = 2147483647;
			files = (
				8A451E8B1C4F75E4000F3329 /* ViewController.m in Sources */,
				8A451E881C4F75E4000F3329 /* AppDelegate.m in Sources */,
				8A451E851C4F75E4000F3329 /* main.m in Sources */,
			);
			runOnlyForDeploymentPostprocessing = 0;
		};
		8A451E951C4F75E4000F3329 /* Sources */ = {
			isa = PBXSourcesBuildPhase;
			buildActionMask = 2147483647;
			files = (
				8A451E9E1C4F75E4000F3329 /* dongtaiViewTests.m in Sources */,
			);
			runOnlyForDeploymentPostprocessing = 0;
		};
		8A451EA01C4F75E4000F3329 /* Sources */ = {
			isa = PBXSourcesBuildPhase;
			buildActionMask = 2147483647;
			files = (
				8A451EA91C4F75E4000F3329 /* dongtaiViewUITests.m in Sources */,
			);
			runOnlyForDeploymentPostprocessing = 0;
		};
/* End PBXSourcesBuildPhase section */

/* Begin PBXTargetDependency section */
		8A451E9B1C4F75E4000F3329 /* PBXTargetDependency */ = {
			isa = PBXTargetDependency;
			target = 8A451E7F1C4F75E4000F3329 /* dongtaiView */;
			targetProxy = 8A451E9A1C4F75E4000F3329 /* PBXContainerItemProxy */;
		};
		8A451EA61C4F75E4000F3329 /* PBXTargetDependency */ = {
			isa = PBXTargetDependency;
			target = 8A451E7F1C4F75E4000F3329 /* dongtaiView */;
			targetProxy = 8A451EA51C4F75E4000F3329 /* PBXContainerItemProxy */;
		};
/* End PBXTargetDependency section */

/* Begin PBXVariantGroup section */
		8A451E8C1C4F75E4000F3329 /* Main.storyboard */ = {
			isa = PBXVariantGroup;
			children = (
				8A451E8D1C4F75E4000F3329 /* Base */,
			);
			name = Main.storyboard;
			sourceTree = "<group>";
		};
		8A451E911C4F75E4000F3329 /* LaunchScreen.storyboard */ = {
			isa = PBXVariantGroup;
			children = (
				8A451E921C4F75E4000F3329 /* Base */,
			);
			name = LaunchScreen.storyboard;
			sourceTree = "<group>";
		};
/* End PBXVariantGroup section */

/* Begin XCBuildConfiguration section */
		8A451EAB1C4F75E4000F3329 /* Debug */ = {
			isa = XCBuildConfiguration;
			buildSettings = {
				ALWAYS_SEARCH_USER_PATHS = NO;
				CLANG_CXX_LANGUAGE_STANDARD = "gnu++0x";
				CLANG_CXX_LIBRARY = "libc++";
				CLANG_ENABLE_MODULES = YES;
				CLANG_ENABLE_OBJC_ARC = YES;
				CLANG_WARN_BOOL_CONVERSION = YES;
				CLANG_WARN_CONSTANT_CONVERSION = YES;
				CLANG_WARN_DIRECT_OBJC_ISA_USAGE = YES_ERROR;
				CLANG_WARN_EMPTY_BODY = YES;
				CLANG_WARN_ENUM_CONVERSION = YES;
				CLANG_WARN_INT_CONVERSION = YES;
				CLANG_WARN_OBJC_ROOT_CLASS = YES_ERROR;
				CLANG_WARN_UNREACHABLE_CODE = YES;
				CLANG_WARN__DUPLICATE_METHOD_MATCH = YES;
				"CODE_SIGN_IDENTITY[sdk=iphoneos*]" = "iPhone Developer";
				COPY_PHASE_STRIP = NO;
				DEBUG_INFORMATION_FORMAT = dwarf;
				ENABLE_STRICT_OBJC_MSGSEND = YES;
				ENABLE_TESTABILITY = YES;
				GCC_C_LANGUAGE_STANDARD = gnu99;
				GCC_DYNAMIC_NO_PIC = NO;
				GCC_NO_COMMON_BLOCKS = YES;
				GCC_OPTIMIZATION_LEVEL = 0;
				GCC_PREPROCESSOR_DEFINITIONS = (
					"DEBUG=1",
					"$(inherited)",
				);
				GCC_WARN_64_TO_32_BIT_CONVERSION = YES;
				GCC_WARN_ABOUT_RETURN_TYPE = YES_ERROR;
				GCC_WARN_UNDECLARED_SELECTOR = YES;
				GCC_WARN_UNINITIALIZED_AUTOS = YES_AGGRESSIVE;
				GCC_WARN_UNUSED_FUNCTION = YES;
				GCC_WARN_UNUSED_VARIABLE = YES;
				IPHONEOS_DEPLOYMENT_TARGET = 9.2;
				MTL_ENABLE_DEBUG_INFO = YES;
				ONLY_ACTIVE_ARCH = YES;
				SDKROOT = iphoneos;
			};
			name = Debug;
		};
		8A451EAC1C4F75E4000F3329 /* Release */ = {
			isa = XCBuildConfiguration;
			buildSettings = {
				ALWAYS_SEARCH_USER_PATHS = NO;
				CLANG_CXX_LANGUAGE_STANDARD = "gnu++0x";
				CLANG_CXX_LIBRARY = "libc++";
				CLANG_ENABLE_MODULES = YES;
				CLANG_ENABLE_OBJC_ARC = YES;
				CLANG_WARN_BOOL_CONVERSION = YES;
				CLANG_WARN_CONSTANT_CONVERSION = YES;
				CLANG_WARN_DIRECT_OBJC_ISA_USAGE = YES_ERROR;
				CLANG_WARN_EMPTY_BODY = YES;
				CLANG_WARN_ENUM_CONVERSION = YES;
				CLANG_WARN_INT_CONVERSION = YES;
				CLANG_WARN_OBJC_ROOT_CLASS = YES_ERROR;
				CLANG_WARN_UNREACHABLE_CODE = YES;
				CLANG_WARN__DUPLICATE_METHOD_MATCH = YES;
				"CODE_SIGN_IDENTITY[sdk=iphoneos*]" = "iPhone Developer";
				COPY_PHASE_STRIP = NO;
				DEBUG_INFORMATION_FORMAT = "dwarf-with-dsym";
				ENABLE_NS_ASSERTIONS = NO;
				ENABLE_STRICT_OBJC_MSGSEND = YES;
				GCC_C_LANGUAGE_STANDARD = gnu99;
				GCC_NO_COMMON_BLOCKS = YES;
				GCC_WARN_64_TO_32_BIT_CONVERSION = YES;
				GCC_WARN_ABOUT_RETURN_TYPE = YES_ERROR;
				GCC_WARN_UNDECLARED_SELECTOR = YES;
				GCC_WARN_UNINITIALIZED_AUTOS = YES_AGGRESSIVE;
				GCC_WARN_UNUSED_FUNCTION = YES;
				GCC_WARN_UNUSED_VARIABLE = YES;
				IPHONEOS_DEPLOYMENT_TARGET = 9.2;
				MTL_ENABLE_DEBUG_INFO = NO;
				SDKROOT = iphoneos;
				VALIDATE_PRODUCT = YES;
			};
			name = Release;
		};
		8A451EAE1C4F75E4000F3329 /* Debug */ = {
			isa = XCBuildConfiguration;
			buildSettings = {
				ASSETCATALOG_COMPILER_APPICON_NAME = AppIcon;
				INFOPLIST_FILE = dongtaiView/Info.plist;
				LD_RUNPATH_SEARCH_PATHS = "$(inherited) @executable_path/Frameworks";
				PRODUCT_BUNDLE_IDENTIFIER = sss.dongtaiView;
				PRODUCT_NAME = "$(TARGET_NAME)";
				TARGETED_DEVICE_FAMILY = 1;
			};
			name = Debug;
		};
		8A451EAF1C4F75E4000F3329 /* Release */ = {
			isa = XCBuildConfiguration;
			buildSettings = {
				ASSETCATALOG_COMPILER_APPICON_NAME = AppIcon;
				INFOPLIST_FILE = dongtaiView/Info.plist;
				LD_RUNPATH_SEARCH_PATHS = "$(inherited) @executable_path/Frameworks";
				PRODUCT_BUNDLE_IDENTIFIER = sss.dongtaiView;
				PRODUCT_NAME = "$(TARGET_NAME)";
				TARGETED_DEVICE_FAMILY = 1;
			};
			name = Release;
		};
		8A451EB11C4F75E4000F3329 /* Debug */ = {
			isa = XCBuildConfiguration;
			buildSettings = {
				BUNDLE_LOADER = "$(TEST_HOST)";
				INFOPLIST_FILE = dongtaiViewTests/Info.plist;
				LD_RUNPATH_SEARCH_PATHS = "$(inherited) @executable_path/Frameworks @loader_path/Frameworks";
				PRODUCT_BUNDLE_IDENTIFIER = sss.dongtaiViewTests;
				PRODUCT_NAME = "$(TARGET_NAME)";
				TEST_HOST = "$(BUILT_PRODUCTS_DIR)/dongtaiView.app/dongtaiView";
			};
			name = Debug;
		};
		8A451EB21C4F75E4000F3329 /* Release */ = {
			isa = XCBuildConfiguration;
			buildSettings = {
				BUNDLE_LOADER = "$(TEST_HOST)";
				INFOPLIST_FILE = dongtaiViewTests/Info.plist;
				LD_RUNPATH_SEARCH_PATHS = "$(inherited) @executable_path/Frameworks @loader_path/Frameworks";
				PRODUCT_BUNDLE_IDENTIFIER = sss.dongtaiViewTests;
				PRODUCT_NAME = "$(TARGET_NAME)";
				TEST_HOST = "$(BUILT_PRODUCTS_DIR)/dongtaiView.app/dongtaiView";
			};
			name = Release;
		};
		8A451EB41C4F75E4000F3329 /* Debug */ = {
			isa = XCBuildConfiguration;
			buildSettings = {
				INFOPLIST_FILE = dongtaiViewUITests/Info.plist;
				LD_RUNPATH_SEARCH_PATHS = "$(inherited) @executable_path/Frameworks @loader_path/Frameworks";
				PRODUCT_BUNDLE_IDENTIFIER = sss.dongtaiViewUITests;
				PRODUCT_NAME = "$(TARGET_NAME)";
				TEST_TARGET_NAME = dongtaiView;
				USES_XCTRUNNER = YES;
			};
			name = Debug;
		};
		8A451EB51C4F75E4000F3329 /* Release */ = {
			isa = XCBuildConfiguration;
			buildSettings = {
				INFOPLIST_FILE = dongtaiViewUITests/Info.plist;
				LD_RUNPATH_SEARCH_PATHS = "$(inherited) @executable_path/Frameworks @loader_path/Frameworks";
				PRODUCT_BUNDLE_IDENTIFIER = sss.dongtaiViewUITests;
				PRODUCT_NAME = "$(TARGET_NAME)";
				TEST_TARGET_NAME = dongtaiView;
				USES_XCTRUNNER = YES;
			};
			name = Release;
		};
/* End XCBuildConfiguration section */

/* Begin XCConfigurationList section */
		8A451E7B1C4F75E4000F3329 /* Build configuration list for PBXProject "dongtaiView" */ = {
			isa = XCConfigurationList;
			buildConfigurations = (
				8A451EAB1C4F75E4000F3329 /* Debug */,
				8A451EAC1C4F75E4000F3329 /* Release */,
			);
			defaultConfigurationIsVisible = 0;
			defaultConfigurationName = Release;
		};
		8A451EAD1C4F75E4000F3329 /* Build configuration list for PBXNativeTarget "dongtaiView" */ = {
			isa = XCConfigurationList;
			buildConfigurations = (
				8A451EAE1C4F75E4000F3329 /* Debug */,
				8A451EAF1C4F75E4000F3329 /* Release */,
			);
			defaultConfigurationIsVisible = 0;
		};
		8A451EB01C4F75E4000F3329 /* Build configuration list for PBXNativeTarget "dongtaiViewTests" */ = {
			isa = XCConfigurationList;
			buildConfigurations = (
				8A451EB11C4F75E4000F3329 /* Debug */,
				8A451EB21C4F75E4000F3329 /* Release */,
			);
			defaultConfigurationIsVisible = 0;
		};
		8A451EB31C4F75E4000F3329 /* Build configuration list for PBXNativeTarget "dongtaiViewUITests" */ = {
			isa = XCConfigurationList;
			buildConfigurations = (
				8A451EB41C4F75E4000F3329 /* Debug */,
				8A451EB51C4F75E4000F3329 /* Release */,
			);
			defaultConfigurationIsVisible = 0;
		};
/* End XCConfigurationList section */
	};
	rootObject = 8A451E781C4F75E4000F3329 /* Project object */;
}
